
Microsoft Visual Studio Solution File, Format Version 12.00
# Visual Studio Version 16
VisualStudioVersion = 16.0.31624.102
MinimumVisualStudioVersion = 10.0.40219.1
Project("{FAE04EC0-301F-11D3-BF4B-00C04F79EFBC}") = "Core_Api_5175_31052022", "Core_Api_5175_31052022\Core_Api_5175_31052022.csproj", "{8B3E8D8C-D641-4A9D-8EB2-F9C093F24C20}"
EndProject
Global
	GlobalSection(SolutionConfigurationPlatforms) = preSolution
		Debug|Any CPU = Debug|Any CPU
		Release|Any CPU = Release|Any CPU
	EndGlobalSection
	GlobalSection(ProjectConfigurationPlatforms) = postSolution
		{8B3E8D8C-D641-4A9D-8EB2-F9C093F24C20}.Debug|Any CPU.ActiveCfg = Debug|Any CPU
		{8B3E8D8C-D641-4A9D-8EB2-F9C093F24C20}.Debug|Any CPU.Build.0 = Debug|Any CPU
		{8B3E8D8C-D641-4A9D-8EB2-F9C093F24C20}.Release|Any CPU.ActiveCfg = Release|Any CPU
		{8B3E8D8C-D641-4A9D-8EB2-F9C093F24C20}.Release|Any CPU.Build.0 = Release|Any CPU
	EndGlobalSection
	GlobalSection(SolutionProperties) = preSolution
		HideSolutionNode = FALSE
	EndGlobalSection
	GlobalSection(ExtensibilityGlobals) = postSolution
		SolutionGuid = {2B2AEFB8-9C41-49C3-A21F-2D74863C6D7B}
	EndGlobalSection
EndGlobal
